
Microsoft Visual Studio Solution File, Format Version 12.00
# Visual Studio Version 17
VisualStudioVersion = 17.7.34202.233
MinimumVisualStudioVersion = 10.0.40219.1
Project("{FAE04EC0-301F-11D3-BF4B-00C04F79EFBC}") = "CheckDesk-Windows", "CheckDesk-Windows\CheckDesk-Windows.csproj", "{AFF7A6A3-217D-4517-8140-53B2A368725B}"
EndProject
Global
	GlobalSection(SolutionConfigurationPlatforms) = preSolution
		Debug|Any CPU = Debug|Any CPU
		Release|Any CPU = Release|Any CPU
	EndGlobalSection
	GlobalSection(ProjectConfigurationPlatforms) = postSolution
		{AFF7A6A3-217D-4517-8140-53B2A368725B}.Debug|Any CPU.ActiveCfg = Debug|Any CPU
		{AFF7A6A3-217D-4517-8140-53B2A368725B}.Debug|Any CPU.Build.0 = Debug|Any CPU
		{AFF7A6A3-217D-4517-8140-53B2A368725B}.Release|Any CPU.ActiveCfg = Release|Any CPU
		{AFF7A6A3-217D-4517-8140-53B2A368725B}.Release|Any CPU.Build.0 = Release|Any CPU
	EndGlobalSection
	GlobalSection(SolutionProperties) = preSolution
		HideSolutionNode = FALSE
	EndGlobalSection
	GlobalSection(ExtensibilityGlobals) = postSolution
		SolutionGuid = {C0937B6B-F340-4C6E-B133-258945C424B5}
	EndGlobalSection
EndGlobal
